
Microsoft Visual Studio Solution File, Format Version 12.00
# Visual Studio 15
VisualStudioVersion = 15.0.28307.757
MinimumVisualStudioVersion = 10.0.40219.1
Project("{FAE04EC0-301F-11D3-BF4B-00C04F79EFBC}") = "CosmosMongoDemo", "CosmosMongoDemo\CosmosMongoDemo.csproj", "{EDF173A8-34A1-4EA8-A937-6AEFC7CCE82B}"
EndProject
Global
	GlobalSection(SolutionConfigurationPlatforms) = preSolution
		Debug|Any CPU = Debug|Any CPU
		Release|Any CPU = Release|Any CPU
	EndGlobalSection
	GlobalSection(ProjectConfigurationPlatforms) = postSolution
		{EDF173A8-34A1-4EA8-A937-6AEFC7CCE82B}.Debug|Any CPU.ActiveCfg = Debug|Any CPU
		{EDF173A8-34A1-4EA8-A937-6AEFC7CCE82B}.Debug|Any CPU.Build.0 = Debug|Any CPU
		{EDF173A8-34A1-4EA8-A937-6AEFC7CCE82B}.Release|Any CPU.ActiveCfg = Release|Any CPU
		{EDF173A8-34A1-4EA8-A937-6AEFC7CCE82B}.Release|Any CPU.Build.0 = Release|Any CPU
	EndGlobalSection
	GlobalSection(SolutionProperties) = preSolution
		HideSolutionNode = FALSE
	EndGlobalSection
	GlobalSection(ExtensibilityGlobals) = postSolution
		SolutionGuid = {409C7C24-F11D-4198-AAFF-140B744CF235}
	EndGlobalSection
EndGlobal
