
Microsoft Visual Studio Solution File, Format Version 12.00
# Visual Studio 15
VisualStudioVersion = 15.0.28307.757
MinimumVisualStudioVersion = 10.0.40219.1
Project("{FAE04EC0-301F-11D3-BF4B-00C04F79EFBC}") = "EventManagementApplication", "EventManagementApplication\EventManagementApplication.csproj", "{D99F112B-E301-4AAF-8722-A5790C4E1B1A}"
EndProject
Global
	GlobalSection(SolutionConfigurationPlatforms) = preSolution
		Debug|Any CPU = Debug|Any CPU
		Release|Any CPU = Release|Any CPU
	EndGlobalSection
	GlobalSection(ProjectConfigurationPlatforms) = postSolution
		{D99F112B-E301-4AAF-8722-A5790C4E1B1A}.Debug|Any CPU.ActiveCfg = Debug|Any CPU
		{D99F112B-E301-4AAF-8722-A5790C4E1B1A}.Debug|Any CPU.Build.0 = Debug|Any CPU
		{D99F112B-E301-4AAF-8722-A5790C4E1B1A}.Release|Any CPU.ActiveCfg = Release|Any CPU
		{D99F112B-E301-4AAF-8722-A5790C4E1B1A}.Release|Any CPU.Build.0 = Release|Any CPU
	EndGlobalSection
	GlobalSection(SolutionProperties) = preSolution
		HideSolutionNode = FALSE
	EndGlobalSection
	GlobalSection(ExtensibilityGlobals) = postSolution
		SolutionGuid = {A9F0FD93-C88D-4FF1-8E67-578324A8E94E}
	EndGlobalSection
EndGlobal
